
Microsoft Visual Studio Solution File, Format Version 12.00
# Visual Studio Version 17
VisualStudioVersion = 17.1.32127.271
MinimumVisualStudioVersion = 10.0.40219.1
Project("{2150E333-8FDC-42A3-9474-1A3956D46DE8}") = "Solution Items", "Solution Items", "{DC1AE04A-E619-4C8B-83E3-1986CA8636E0}"
	ProjectSection(SolutionItems) = preProject
		.editorconfig = .editorconfig
		Directory.Build.props = Directory.Build.props
		LICENSE = LICENSE
		README.md = README.md
	EndProjectSection
EndProject
Project("{2150E333-8FDC-42A3-9474-1A3956D46DE8}") = "git", "git", "{B00A4C16-D1DB-4533-9796-BF7E3399DFA5}"
EndProject
Project("{2150E333-8FDC-42A3-9474-1A3956D46DE8}") = "hooks", "hooks", "{9619466A-F9F2-48C7-896A-A9FB960627B3}"
	ProjectSection(SolutionItems) = preProject
		git\hooks\pre-commit = git\hooks\pre-commit
		git\hooks\prepare-commit-msg = git\hooks\prepare-commit-msg
	EndProjectSection
EndProject
Project("{9A19103F-16F7-4668-BE54-9A1E7A4F7556}") = "ToraHooks", "ToraHooks\ToraHooks.csproj", "{C46A3636-1748-4E1F-A02C-577D0189D3E0}"
EndProject
Project("{9A19103F-16F7-4668-BE54-9A1E7A4F7556}") = "ToraHooksTest", "ToraHooksTest\ToraHooksTest.csproj", "{147433E9-870F-4ABF-B5AA-B5EA90B7E46C}"
EndProject
Project("{2150E333-8FDC-42A3-9474-1A3956D46DE8}") = ".github", ".github", "{7F22505B-9F5B-489E-846F-74F51820FA2F}"
	ProjectSection(SolutionItems) = preProject
		.github\pull_request_template.md = .github\pull_request_template.md
	EndProjectSection
EndProject
Project("{2150E333-8FDC-42A3-9474-1A3956D46DE8}") = "workflows", "workflows", "{7A389DCA-78BF-462E-8243-43DA9EFCEC59}"
	ProjectSection(SolutionItems) = preProject
		.github\workflows\CodeReview-Create.yaml = .github\workflows\CodeReview-Create.yaml
	EndProjectSection
EndProject
Global
	GlobalSection(SolutionConfigurationPlatforms) = preSolution
		Debug|Any CPU = Debug|Any CPU
		Release|Any CPU = Release|Any CPU
	EndGlobalSection
	GlobalSection(ProjectConfigurationPlatforms) = postSolution
		{C46A3636-1748-4E1F-A02C-577D0189D3E0}.Debug|Any CPU.ActiveCfg = Debug|Any CPU
		{C46A3636-1748-4E1F-A02C-577D0189D3E0}.Debug|Any CPU.Build.0 = Debug|Any CPU
		{C46A3636-1748-4E1F-A02C-577D0189D3E0}.Release|Any CPU.ActiveCfg = Release|Any CPU
		{C46A3636-1748-4E1F-A02C-577D0189D3E0}.Release|Any CPU.Build.0 = Release|Any CPU
		{147433E9-870F-4ABF-B5AA-B5EA90B7E46C}.Debug|Any CPU.ActiveCfg = Debug|Any CPU
		{147433E9-870F-4ABF-B5AA-B5EA90B7E46C}.Debug|Any CPU.Build.0 = Debug|Any CPU
		{147433E9-870F-4ABF-B5AA-B5EA90B7E46C}.Release|Any CPU.ActiveCfg = Release|Any CPU
		{147433E9-870F-4ABF-B5AA-B5EA90B7E46C}.Release|Any CPU.Build.0 = Release|Any CPU
	EndGlobalSection
	GlobalSection(SolutionProperties) = preSolution
		HideSolutionNode = FALSE
	EndGlobalSection
	GlobalSection(NestedProjects) = preSolution
		{9619466A-F9F2-48C7-896A-A9FB960627B3} = {B00A4C16-D1DB-4533-9796-BF7E3399DFA5}
		{7A389DCA-78BF-462E-8243-43DA9EFCEC59} = {7F22505B-9F5B-489E-846F-74F51820FA2F}
	EndGlobalSection
	GlobalSection(ExtensibilityGlobals) = postSolution
		SolutionGuid = {C318E3A4-0299-488E-89C8-65A2CD54685D}
	EndGlobalSection
EndGlobal
